Microsoft Visual Studio Solution File, Format Version 12.00
# Visual Studio Version 17
VisualStudioVersion = 17.5.2.0
MinimumVisualStudioVersion = 10.0.40219.1
Project("{FAE04EC0-301F-11D3-BF4B-00C04F79EFBC}") = "NullandVoid", "NullandVoid.csproj", "{CF8759E2-FA68-A580-30BF-329A52B986E1}"
EndProject
Global
	GlobalSection(SolutionConfigurationPlatforms) = preSolution
		Debug|Any CPU = Debug|Any CPU
		Release|Any CPU = Release|Any CPU
	EndGlobalSection
	GlobalSection(ProjectConfigurationPlatforms) = postSolution
		{CF8759E2-FA68-A580-30BF-329A52B986E1}.Debug|Any CPU.ActiveCfg = Debug|Any CPU
		{CF8759E2-FA68-A580-30BF-329A52B986E1}.Debug|Any CPU.Build.0 = Debug|Any CPU
		{CF8759E2-FA68-A580-30BF-329A52B986E1}.Release|Any CPU.ActiveCfg = Release|Any CPU
		{CF8759E2-FA68-A580-30BF-329A52B986E1}.Release|Any CPU.Build.0 = Release|Any CPU
	EndGlobalSection
	GlobalSection(SolutionProperties) = preSolution
		HideSolutionNode = FALSE
	EndGlobalSection
	GlobalSection(ExtensibilityGlobals) = postSolution
		SolutionGuid = {244747FE-94C5-4342-8117-4CA6443A2EA8}
	EndGlobalSection
EndGlobal
